<?xml version="1.0" encoding="utf-8"?>
<Project ToolsVersion="17.0" xmlns="http://schemas.microsoft.com/developer/msbuild/2003">
  <ItemGroup>
    <ClCompile Include="C:\NEwProject\zlibprog\Project1\source\main.cpp">
      <Filter>Source Files</Filter>
    </ClCompile>
  </ItemGroup>
  <ItemGroup>
    <CustomBuild Include="C:\NEwProject\zlibprog\Project1\CMakeLists.txt" />
  </ItemGroup>
  <ItemGroup>
    <Filter Include="Source Files">
      <UniqueIdentifier>{A985A1B4-5A1F-3890-BEF3-4B463F24F395}</UniqueIdentifier>
    </Filter>
  </ItemGroup>
</Project>
